

Microsoft Visual Studio Solution File, Format Version 12.00
# Visual Studio 14
VisualStudioVersion = 14.0.25420.1
MinimumVisualStudioVersion = 10.0.40219.1
Project("{FAE04EC0-301F-11D3-BF4B-00C04F79EFBC}") = "Ger4", "Ger4\Ger4.csproj", "{C9C261FB-6942-44A8-9E58-82DC1B5B4B62}"
EndProject
Project("{FAE04EC0-301F-11D3-BF4B-00C04F79EFBC}") = "capaDAT", "capaDAT\capaDAT.csproj", "{132652A4-A5BD-4E49-A631-2AF807A8FAB8}"
EndProject
Project("{FAE04EC0-301F-11D3-BF4B-00C04F79EFBC}") = "capaNEG", "capaNEG\capaNEG.csproj", "{5A1395DC-402F-46C7-B1B2-6095CE2975FF}"
EndProject
Project("{FAE04EC0-301F-11D3-BF4B-00C04F79EFBC}") = "capaENT", "capaENT\capaENT.csproj", "{1E30F9F9-A5D9-4BAC-B370-1E60D5244DB1}"
EndProject
Global
	GlobalSection(SolutionConfigurationPlatforms) = preSolution
		Debug|Any CPU = Debug|Any CPU
		Release|Any CPU = Release|Any CPU
	EndGlobalSection
	GlobalSection(ProjectConfigurationPlatforms) = postSolution
		{C9C261FB-6942-44A8-9E58-82DC1B5B4B62}.Debug|Any CPU.ActiveCfg = Debug|Any CPU
		{C9C261FB-6942-44A8-9E58-82DC1B5B4B62}.Debug|Any CPU.Build.0 = Debug|Any CPU
		{C9C261FB-6942-44A8-9E58-82DC1B5B4B62}.Release|Any CPU.ActiveCfg = Release|Any CPU
		{C9C261FB-6942-44A8-9E58-82DC1B5B4B62}.Release|Any CPU.Build.0 = Release|Any CPU
		{132652A4-A5BD-4E49-A631-2AF807A8FAB8}.Debug|Any CPU.ActiveCfg = Debug|Any CPU
		{132652A4-A5BD-4E49-A631-2AF807A8FAB8}.Debug|Any CPU.Build.0 = Debug|Any CPU
		{132652A4-A5BD-4E49-A631-2AF807A8FAB8}.Release|Any CPU.ActiveCfg = Release|Any CPU
		{132652A4-A5BD-4E49-A631-2AF807A8FAB8}.Release|Any CPU.Build.0 = Release|Any CPU
		{5A1395DC-402F-46C7-B1B2-6095CE2975FF}.Debug|Any CPU.ActiveCfg = Debug|Any CPU
		{5A1395DC-402F-46C7-B1B2-6095CE2975FF}.Debug|Any CPU.Build.0 = Debug|Any CPU
		{5A1395DC-402F-46C7-B1B2-6095CE2975FF}.Release|Any CPU.ActiveCfg = Release|Any CPU
		{5A1395DC-402F-46C7-B1B2-6095CE2975FF}.Release|Any CPU.Build.0 = Release|Any CPU
		{1E30F9F9-A5D9-4BAC-B370-1E60D5244DB1}.Debug|Any CPU.ActiveCfg = Debug|Any CPU
		{1E30F9F9-A5D9-4BAC-B370-1E60D5244DB1}.Debug|Any CPU.Build.0 = Debug|Any CPU
		{1E30F9F9-A5D9-4BAC-B370-1E60D5244DB1}.Release|Any CPU.ActiveCfg = Release|Any CPU
		{1E30F9F9-A5D9-4BAC-B370-1E60D5244DB1}.Release|Any CPU.Build.0 = Release|Any CPU
	EndGlobalSection
	GlobalSection(SolutionProperties) = preSolution
		HideSolutionNode = FALSE
	EndGlobalSection
EndGlobal

